{
  "name": "pipweb",
  "version": "0.0.0",
  "lockfileVersion": 3,
  "requires": true,
  "packages": {
    "": {
      "name": "pipweb",
      "version": "0.0.0",
      "dependencies": {
        "react": "^17.0.2",
        "react-dom": "^17.0.2",
        "react-router-dom": "^5.3.0"
      },
      "devDependencies": {
        "@vitejs/plugin-react": "^1.0.7",
        "vite": "^2.8.0"
      }
    },
    "node_modules/@babel/code-frame": {
      "version": "7.28.6",
      "resolved": "http://registry.npm.souche-inc.com/@babel/code-frame/download/@babel/code-frame-7.28.6.tgz",
      "integrity": "sha1-ckmTEuxYseIkW6Sk9VDBMr5Jgvc=",
      "dev": true,
      "license": "MIT",
      "dependencies": {
        "@babel/helper-validator-identifier": "^7.28.5",
        "js-tokens": "^4.0.0",
        "picocolors": "^1.1.1"
      },
      "engines": {
        "node": ">=6.9.0"
      }
    },
    "node_modules/@babel/compat-data": {
      "version": "7.28.5",
      "resolved": "http://registry.npm.souche-inc.com/@babel/compat-data/download/@babel/compat-data-7.28.5.tgz",
      "integrity": "sha1-qKSWLhVnEhrAs7SH9SEHRDtFXH8=",
      "dev": true,
      "license": "MIT",
      "engines": {
        "node": ">=6.9.0"
      }
    },
    "node_modules/@babel/core": {
      "version": "7.28.5",
      "resolved": "http://registry.npm.souche-inc.com/@babel/core/download/@babel/core-7.28.5.tgz",
      "integrity": "sha1-TIGzXlHhtzT1EMmbB9+8e7u0j34=",
      "dev": true,
      "license": "MIT",
      "dependencies": {
        "@babel/code-frame": "^7.27.1",
        "@babel/generator": "^7.28.5",
        "@babel/helper-compilation-targets": "^7.27.2",
        "@babel/helper-module-transforms": "^7.28.3",
        "@babel/helpers": "^7.28.4",
        "@babel/parser": "^7.28.5",
        "@babel/template": "^7.27.2",
        "@babel/traverse": "^7.28.5",
        "@babel/types": "^7.28.5",
        "@jridgewell/remapping": "^2.3.5",
        "convert-source-map": "^2.0.0",
        "debug": "^4.1.0",
        "gensync": "^1.0.0-beta.2",
        "json5": "^2.2.3",
        "semver": "^6.3.1"
      },
      "engines": {
        "node": ">=6.9.0"
      },
      "funding": {
        "type": "opencollective",
        "url": "https://opencollective.com/babel"
      }
    },
    "node_modules/@babel/generator": {
      "version": "7.28.6",
      "resolved": "http://registry.npm.souche-inc.com/@babel/generator/download/@babel/generator-7.28.6.tgz",
      "integrity": "sha1-SNzGXZj8yGJqSPcrYuJj0l/Dw/E=",
      "dev": true,
      "license": "MIT",
      "dependencies": {
        "@babel/parser": "^7.28.6",
        "@babel/types": "^7.28.6",
        "@jridgewell/gen-mapping": "^0.3.12",
        "@jridgewell/trace-mapping": "^0.3.28",
        "jsesc": "^3.0.2"
      },
      "engines": {
        "node": ">=6.9.0"
      }
    },
    "node_modules/@babel/helper-annotate-as-pure": {
      "version": "7.27.3",
      "resolved": "http://registry.npm.souche-inc.com/@babel/helper-annotate-as-pure/download/@babel/helper-annotate-as-pure-7.27.3.tgz",
      "integrity": "sha1-8x/Ya5FfxNrx86xpdsWb5whO2cU=",
      "dev": true,
      "license": "MIT",
      "dependencies": {
        "@babel/types": "^7.27.3"
      },
      "engines": {
        "node": ">=6.9.0"
      }
    },
    "node_modules/@babel/helper-compilation-targets": {
      "version": "7.27.2",
      "resolved": "http://registry.npm.souche-inc.com/@babel/helper-compilation-targets/download/@babel/helper-compilation-targets-7.27.2.tgz",
      "integrity": "sha1-RqD276uAjVHSnOloWN0Qzocycz0=",
      "dev": true,
      "license": "MIT",
      "dependencies": {
        "@babel/compat-data": "^7.27.2",
        "@babel/helper-validator-option": "^7.27.1",
        "browserslist": "^4.24.0",
        "lru-cache": "^5.1.1",
        "semver": "^6.3.1"
      },
      "engines": {
        "node": ">=6.9.0"
      }
    },
    "node_modules/@babel/helper-globals": {
      "version": "7.28.0",
      "resolved": "http://registry.npm.souche-inc.com/@babel/helper-globals/download/@babel/helper-globals-7.28.0.tgz",
      "integrity": "sha1-uUMN8qpOF7woZl6t6uiqHZheZnQ=",
      "dev": true,
      "license": "MIT",
      "engines": {
        "node": ">=6.9.0"
      }
    },
    "node_modules/@babel/helper-module-imports": {
      "version": "7.27.1",
      "resolved": "http://registry.npm.souche-inc.com/@babel/helper-module-imports/download/@babel/helper-module-imports-7.27.1.tgz",
      "integrity": "sha1-fvdpoyPiZV4SZnO7bS1pE7vq0gQ=",
      "dev": true,
      "license": "MIT",
      "dependencies": {
        "@babel/traverse": "^7.27.1",
        "@babel/types": "^7.27.1"
      },
      "engines": {
        "node": ">=6.9.0"
      }
    },
    "node_modules/@babel/helper-module-transforms": {
      "version": "7.28.3",
      "resolved": "http://registry.npm.souche-inc.com/@babel/helper-module-transforms/download/@babel/helper-module-transforms-7.28.3.tgz",
      "integrity": "sha1-orN9PaOyNE/ghdqyNEJvK5ovpfY=",
      "dev": true,
      "license": "MIT",
      "dependencies": {
        "@babel/helper-module-imports": "^7.27.1",
        "@babel/helper-validator-identifier": "^7.27.1",
        "@babel/traverse": "^7.28.3"
      },
      "engines": {
        "node": ">=6.9.0"
      },
      "peerDependencies": {
        "@babel/core": "^7.0.0"
      }
    },
    "node_modules/@babel/helper-plugin-utils": {
      "version": "7.28.6",
      "resolved": "http://registry.npm.souche-inc.com/@babel/helper-plugin-utils/download/@babel/helper-plugin-utils-7.28.6.tgz",
      "integrity": "sha1-bxPqJRtoyFMumF/VMvKHQaivmsg=",
      "dev": true,
      "license": "MIT",
      "engines": {
        "node": ">=6.9.0"
      }
    },
    "node_modules/@babel/helper-string-parser": {
      "version": "7.27.1",
      "resolved": "http://registry.npm.souche-inc.com/@babel/helper-string-parser/download/@babel/helper-string-parser-7.27.1.tgz",
      "integrity": "sha1-VNp5YJerGc5n7Z+ItHuy7Ek2doc=",
      "dev": true,
      "license": "MIT",
      "engines": {
        "node": ">=6.9.0"
      }
    },
    "node_modules/@babel/helper-validator-identifier": {
      "version": "7.28.5",
      "resolved": "http://registry.npm.souche-inc.com/@babel/helper-validator-identifier/download/@babel/helper-validator-identifier-7.28.5.tgz",
      "integrity": "sha1-AQtpOPq3y333SqK7wGqlA7j+X7Q=",
      "dev": true,
      "license": "MIT",
      "engines": {
        "node": ">=6.9.0"
      }
    },
    "node_modules/@babel/helper-validator-option": {
      "version": "7.27.1",
      "resolved": "http://registry.npm.souche-inc.com/@babel/helper-validator-option/download/@babel/helper-validator-option-7.27.1.tgz",
      "integrity": "sha1-+lL1sefbGrBJRFtCHERxMDiXcC8=",
      "dev": true,
      "license": "MIT",
      "engines": {
        "node": ">=6.9.0"
      }
    },
    "node_modules/@babel/helpers": {
      "version": "7.28.4",
      "resolved": "http://registry.npm.souche-inc.com/@babel/helpers/download/@babel/helpers-7.28.4.tgz",
      "integrity": "sha1-/gcnR0LpW9988UQ1k+64kmq2OCc=",
      "dev": true,
      "license": "MIT",
      "dependencies": {
        "@babel/template": "^7.27.2",
        "@babel/types": "^7.28.4"
      },
      "engines": {
        "node": ">=6.9.0"
      }
    },
    "node_modules/@babel/parser": {
      "version": "7.28.6",
      "resolved": "http://registry.npm.souche-inc.com/@babel/parser/download/@babel/parser-7.28.6.tgz",
      "integrity": "sha1-8BqIhbf6HlbdihVRMCJs1pjvE/0=",
      "dev": true,
      "license": "MIT",
      "dependencies": {
        "@babel/types": "^7.28.6"
      },
      "bin": {
        "parser": "bin/babel-parser.js"
      },
      "engines": {
        "node": ">=6.0.0"
      }
    },
    "node_modules/@babel/plugin-syntax-jsx": {
      "version": "7.27.1",
      "resolved": "http://registry.npm.souche-inc.com/@babel/plugin-syntax-jsx/download/@babel/plugin-syntax-jsx-7.27.1.tgz",
      "integrity": "sha1-L5vrXv8w+lB8VTLRB9qse4iPo0w=",
      "dev": true,
      "license": "MIT",
      "dependencies": {
        "@babel/helper-plugin-utils": "^7.27.1"
      },
      "engines": {
        "node": ">=6.9.0"
      },
      "peerDependencies": {
        "@babel/core": "^7.0.0-0"
      }
    },
    "node_modules/@babel/plugin-transform-react-jsx": {
      "version": "7.27.1",
      "resolved": "http://registry.npm.souche-inc.com/@babel/plugin-transform-react-jsx/download/@babel/plugin-transform-react-jsx-7.27.1.tgz",
      "integrity": "sha1-ECO8lLeLCi1oyCtelq7Vc7z7nbA=",
      "dev": true,
      "license": "MIT",
      "dependencies": {
        "@babel/helper-annotate-as-pure": "^7.27.1",
        "@babel/helper-module-imports": "^7.27.1",
        "@babel/helper-plugin-utils": "^7.27.1",
        "@babel/plugin-syntax-jsx": "^7.27.1",
        "@babel/types": "^7.27.1"
      },
      "engines": {
        "node": ">=6.9.0"
      },
      "peerDependencies": {
        "@babel/core": "^7.0.0-0"
      }
    },
    "node_modules/@babel/plugin-transform-react-jsx-development": {
      "version": "7.27.1",
      "resolved": "http://registry.npm.souche-inc.com/@babel/plugin-transform-react-jsx-development/download/@babel/plugin-transform-react-jsx-development-7.27.1.tgz",
      "integrity": "sha1-R/+VlA4go6cOaK09T8tle2R/bJg=",
      "dev": true,
      "license": "MIT",
      "dependencies": {
        "@babel/plugin-transform-react-jsx": "^7.27.1"
      },
      "engines": {
        "node": ">=6.9.0"
      },
      "peerDependencies": {
        "@babel/core": "^7.0.0-0"
      }
    },
    "node_modules/@babel/plugin-transform-react-jsx-self": {
      "version": "7.27.1",
      "resolved": "http://registry.npm.souche-inc.com/@babel/plugin-transform-react-jsx-self/download/@babel/plugin-transform-react-jsx-self-7.27.1.tgz",
      "integrity": "sha1-r2eNhQas9SxXfKxz/3/mYVyF/JI=",
      "dev": true,
      "license": "MIT",
      "dependencies": {
        "@babel/helper-plugin-utils": "^7.27.1"
      },
      "engines": {
        "node": ">=6.9.0"
      },
      "peerDependencies": {
        "@babel/core": "^7.0.0-0"
      }
    },
    "node_modules/@babel/plugin-transform-react-jsx-source": {
      "version": "7.27.1",
      "resolved": "http://registry.npm.souche-inc.com/@babel/plugin-transform-react-jsx-source/download/@babel/plugin-transform-react-jsx-source-7.27.1.tgz",
      "integrity": "sha1-3P4sJAlLt1e/c5YDdOfFXkNPGfA=",
      "dev": true,
      "license": "MIT",
      "dependencies": {
        "@babel/helper-plugin-utils": "^7.27.1"
      },
      "engines": {
        "node": ">=6.9.0"
      },
      "peerDependencies": {
        "@babel/core": "^7.0.0-0"
      }
    },
    "node_modules/@babel/runtime": {
      "version": "7.28.4",
      "resolved": "http://registry.npm.souche-inc.com/@babel/runtime/download/@babel/runtime-7.28.4.tgz",
      "integrity": "sha1-pwImAW+r4lxXg7LyLT4cm8XKMyY=",
      "license": "MIT",
      "engines": {
        "node": ">=6.9.0"
      }
    },
    "node_modules/@babel/template": {
      "version": "7.28.6",
      "resolved": "http://registry.npm.souche-inc.com/@babel/template/download/@babel/template-7.28.6.tgz",
      "integrity": "sha1-Dn5W7O23iu72bOeXKwgvznaiPlc=",
      "dev": true,
      "license": "MIT",
      "dependencies": {
        "@babel/code-frame": "^7.28.6",
        "@babel/parser": "^7.28.6",
        "@babel/types": "^7.28.6"
      },
      "engines": {
        "node": ">=6.9.0"
      }
    },
    "node_modules/@babel/traverse": {
      "version": "7.28.6",
      "resolved": "http://registry.npm.souche-inc.com/@babel/traverse/download/@babel/traverse-7.28.6.tgz",
      "integrity": "sha1-hx3ceagFmaUDDFOxzEjL46VYPC4=",
      "dev": true,
      "license": "MIT",
      "dependencies": {
        "@babel/code-frame": "^7.28.6",
        "@babel/generator": "^7.28.6",
        "@babel/helper-globals": "^7.28.0",
        "@babel/parser": "^7.28.6",
        "@babel/template": "^7.28.6",
        "@babel/types": "^7.28.6",
        "debug": "^4.3.1"
      },
      "engines": {
        "node": ">=6.9.0"
      }
    },
    "node_modules/@babel/types": {
      "version": "7.28.6",
      "resolved": "http://registry.npm.souche-inc.com/@babel/types/download/@babel/types-7.28.6.tgz",
      "integrity": "sha1-w+k3fxsVUAW8xMRgIOfjlOEwid8=",
      "dev": true,
      "license": "MIT",
      "dependencies": {
        "@babel/helper-string-parser": "^7.27.1",
        "@babel/helper-validator-identifier": "^7.28.5"
      },
      "engines": {
        "node": ">=6.9.0"
      }
    },
    "node_modules/@esbuild/linux-loong64": {
      "version": "0.14.54",
      "resolved": "http://registry.npm.souche-inc.com/@esbuild/linux-loong64/download/@esbuild/linux-loong64-0.14.54.tgz",
      "integrity": "sha1-3ipL5ni9TQ0f+7hubed5zeWZkCg=",
      "cpu": [
        "loong64"
      ],
      "dev": true,
      "license": "MIT",
      "optional": true,
      "os": [
        "linux"
      ],
      "engines": {
        "node": ">=12"
      }
    },
    "node_modules/@jridgewell/gen-mapping": {
      "version": "0.3.13",
      "resolved": "http://registry.npm.souche-inc.com/@jridgewell/gen-mapping/download/@jridgewell/gen-mapping-0.3.13.tgz",
      "integrity": "sha1-Y0Khn0Q0dRjJPkOxrGnes8Rlah8=",
      "dev": true,
      "license": "MIT",
      "dependencies": {
        "@jridgewell/sourcemap-codec": "^1.5.0",
        "@jridgewell/trace-mapping": "^0.3.24"
      }
    },
    "node_modules/@jridgewell/remapping": {
      "version": "2.3.5",
      "resolved": "http://registry.npm.souche-inc.com/@jridgewell/remapping/download/@jridgewell/remapping-2.3.5.tgz",
      "integrity": "sha1-N1xHbRlylHhRuh4Vro8SMEdEWqE=",
      "dev": true,
      "license": "MIT",
      "dependencies": {
        "@jridgewell/gen-mapping": "^0.3.5",
        "@jridgewell/trace-mapping": "^0.3.24"
      }
    },
    "node_modules/@jridgewell/resolve-uri": {
      "version": "3.1.2",
      "resolved": "http://registry.npm.souche-inc.com/@jridgewell/resolve-uri/download/@jridgewell/resolve-uri-3.1.2.tgz",
      "integrity": "sha1-eg7mAfYPmaIMfHxf8MgDiMEYm9Y=",
      "dev": true,
      "license": "MIT",
      "engines": {
        "node": ">=6.0.0"
      }
    },
    "node_modules/@jridgewell/sourcemap-codec": {
      "version": "1.5.5",
      "resolved": "http://registry.npm.souche-inc.com/@jridgewell/sourcemap-codec/download/@jridgewell/sourcemap-codec-1.5.5.tgz",
      "integrity": "sha1-aRKwDSxjHA0Vzhp6tXzWV/Ko+Lo=",
      "dev": true,
      "license": "MIT"
    },
    "node_modules/@jridgewell/trace-mapping": {
      "version": "0.3.31",
      "resolved": "http://registry.npm.souche-inc.com/@jridgewell/trace-mapping/download/@jridgewell/trace-mapping-0.3.31.tgz",
      "integrity": "sha1-2xXWeByTHzolGj2sOVAcmKYIL9A=",
      "dev": true,
      "license": "MIT",
      "dependencies": {
        "@jridgewell/resolve-uri": "^3.1.0",
        "@jridgewell/sourcemap-codec": "^1.4.14"
      }
    },
    "node_modules/@rollup/pluginutils": {
      "version": "4.2.1",
      "resolved": "http://registry.npm.souche-inc.com/@rollup/pluginutils/download/@rollup/pluginutils-4.2.1.tgz",
      "integrity": "sha1-5sbDq6B0Ttzj+yB0ki03dsCvKm0=",
      "dev": true,
      "license": "MIT",
      "dependencies": {
        "estree-walker": "^2.0.1",
        "picomatch": "^2.2.2"
      },
      "engines": {
        "node": ">= 8.0.0"
      }
    },
    "node_modules/@vitejs/plugin-react": {
      "version": "1.3.2",
      "resolved": "http://registry.npm.souche-inc.com/@vitejs/plugin-react/download/@vitejs/plugin-react-1.3.2.tgz",
      "integrity": "sha1-L88LbOm83NTOxcdgwZl3nVZX7OE=",
      "dev": true,
      "license": "MIT",
      "dependencies": {
        "@babel/core": "^7.17.10",
        "@babel/plugin-transform-react-jsx": "^7.17.3",
        "@babel/plugin-transform-react-jsx-development": "^7.16.7",
        "@babel/plugin-transform-react-jsx-self": "^7.16.7",
        "@babel/plugin-transform-react-jsx-source": "^7.16.7",
        "@rollup/pluginutils": "^4.2.1",
        "react-refresh": "^0.13.0",
        "resolve": "^1.22.0"
      },
      "engines": {
        "node": ">=12.0.0"
      }
    },
    "node_modules/baseline-browser-mapping": {
      "version": "2.9.6",
      "resolved": "http://registry.npm.souche-inc.com/baseline-browser-mapping/download/baseline-browser-mapping-2.9.6.tgz",
      "integrity": "sha1-gt4PfuWGDfhtYNrw2VJK5yJ+7uc=",
      "dev": true,
      "license": "Apache-2.0",
      "bin": {
        "baseline-browser-mapping": "dist/cli.js"
      }
    },
    "node_modules/browserslist": {
      "version": "4.28.1",
      "resolved": "http://registry.npm.souche-inc.com/browserslist/download/browserslist-4.28.1.tgz",
      "integrity": "sha1-f1NFlGKMU8YxAQeeJ+QN5JBFapU=",
      "dev": true,
      "funding": [
        {
          "type": "opencollective",
          "url": "https://opencollective.com/browserslist"
        },
        {
          "type": "tidelift",
          "url": "https://tidelift.com/funding/github/npm/browserslist"
        },
        {
          "type": "github",
          "url": "https://github.com/sponsors/ai"
        }
      ],
      "license": "MIT",
      "dependencies": {
        "baseline-browser-mapping": "^2.9.0",
        "caniuse-lite": "^1.0.30001759",
        "electron-to-chromium": "^1.5.263",
        "node-releases": "^2.0.27",
        "update-browserslist-db": "^1.2.0"
      },
      "bin": {
        "browserslist": "cli.js"
      },
      "engines": {
        "node": "^6 || ^7 || ^8 || ^9 || ^10 || ^11 || ^12 || >=13.7"
      }
    },
    "node_modules/caniuse-lite": {
      "version": "1.0.30001761",
      "resolved": "http://registry.npm.souche-inc.com/caniuse-lite/download/caniuse-lite-1.0.30001761.tgz",
      "integrity": "sha1-TKTG43krJOjiIUuqVo/A5D3igZE=",
      "dev": true,
      "funding": [
        {
          "type": "opencollective",
          "url": "https://opencollective.com/browserslist"
        },
        {
          "type": "tidelift",
          "url": "https://tidelift.com/funding/github/npm/caniuse-lite"
        },
        {
          "type": "github",
          "url": "https://github.com/sponsors/ai"
        }
      ],
      "license": "CC-BY-4.0"
    },
    "node_modules/convert-source-map": {
      "version": "2.0.0",
      "resolved": "http://registry.npm.souche-inc.com/convert-source-map/download/convert-source-map-2.0.0.tgz",
      "integrity": "sha1-S1YPZJ/E6RjdCrdc9JYei8iC2Co=",
      "dev": true,
      "license": "MIT"
    },
    "node_modules/debug": {
      "version": "4.4.3",
      "resolved": "http://registry.npm.souche-inc.com/debug/download/debug-4.4.3.tgz",
      "integrity": "sha1-xq5DLZvZZiWC/OCHCbA4xY6ePWo=",
      "dev": true,
      "license": "MIT",
      "dependencies": {
        "ms": "^2.1.3"
      },
      "engines": {
        "node": ">=6.0"
      },
      "peerDependenciesMeta": {
        "supports-color": {
          "optional": true
        }
      }
    },
    "node_modules/electron-to-chromium": {
      "version": "1.5.267",
      "resolved": "http://registry.npm.souche-inc.com/electron-to-chromium/download/electron-to-chromium-1.5.267.tgz",
      "integrity": "sha1-XYTy34zba/5+hzcGuyG9S/tXTcc=",
      "dev": true,
      "license": "ISC"
    },
    "node_modules/esbuild": {
      "version": "0.14.54",
      "resolved": "http://registry.npm.souche-inc.com/esbuild/download/esbuild-0.14.54.tgz",
      "integrity": "sha1-i0Tc8rDxpm/CJFmUPcz0d1NemqI=",
      "dev": true,
      "hasInstallScript": true,
      "license": "MIT",
      "bin": {
        "esbuild": "bin/esbuild"
      },
      "engines": {
        "node": ">=12"
      },
      "optionalDependencies": {
        "@esbuild/linux-loong64": "0.14.54",
        "esbuild-android-64": "0.14.54",
        "esbuild-android-arm64": "0.14.54",
        "esbuild-darwin-64": "0.14.54",
        "esbuild-darwin-arm64": "0.14.54",
        "esbuild-freebsd-64": "0.14.54",
        "esbuild-freebsd-arm64": "0.14.54",
        "esbuild-linux-32": "0.14.54",
        "esbuild-linux-64": "0.14.54",
        "esbuild-linux-arm": "0.14.54",
        "esbuild-linux-arm64": "0.14.54",
        "esbuild-linux-mips64le": "0.14.54",
        "esbuild-linux-ppc64le": "0.14.54",
        "esbuild-linux-riscv64": "0.14.54",
        "esbuild-linux-s390x": "0.14.54",
        "esbuild-netbsd-64": "0.14.54",
        "esbuild-openbsd-64": "0.14.54",
        "esbuild-sunos-64": "0.14.54",
        "esbuild-windows-32": "0.14.54",
        "esbuild-windows-64": "0.14.54",
        "esbuild-windows-arm64": "0.14.54"
      }
    },
    "node_modules/esbuild-android-64": {
      "version": "0.14.54",
      "resolved": "http://registry.npm.souche-inc.com/esbuild-android-64/download/esbuild-android-64-0.14.54.tgz",
      "integrity": "sha1-UF9BgyiEMTu6/7J3BLi8qi2GFr4=",
      "cpu": [
        "x64"
      ],
      "dev": true,
      "license": "MIT",
      "optional": true,
      "os": [
        "android"
      ],
      "engines": {
        "node": ">=12"
      }
    },
    "node_modules/esbuild-android-arm64": {
      "version": "0.14.54",
      "resolved": "http://registry.npm.souche-inc.com/esbuild-android-arm64/download/esbuild-android-arm64-0.14.54.tgz",
      "integrity": "sha1-jOadfKuklkbgCZaP5XVKIamHF3E=",
      "cpu": [
        "arm64"
      ],
      "dev": true,
      "license": "MIT",
      "optional": true,
      "os": [
        "android"
      ],
      "engines": {
        "node": ">=12"
      }
    },
    "node_modules/esbuild-darwin-64": {
      "version": "0.14.54",
      "resolved": "http://registry.npm.souche-inc.com/esbuild-darwin-64/download/esbuild-darwin-64-0.14.54.tgz",
      "integrity": "sha1-JLpnuajLiQo8CNkBj4h8wiHN2iU=",
      "cpu": [
        "x64"
      ],
      "dev": true,
      "license": "MIT",
      "optional": true,
      "os": [
        "darwin"
      ],
      "engines": {
        "node": ">=12"
      }
    },
    "node_modules/esbuild-darwin-arm64": {
      "version": "0.14.54",
      "resolved": "http://registry.npm.souche-inc.com/esbuild-darwin-arm64/download/esbuild-darwin-arm64-0.14.54.tgz",
      "integrity": "sha1-P3zbeIiO4F5IjSUKK9qrH6Zxv3M=",
      "cpu": [
        "arm64"
      ],
      "dev": true,
      "license": "MIT",
      "optional": true,
      "os": [
        "darwin"
      ],
      "engines": {
        "node": ">=12"
      }
    },
    "node_modules/esbuild-freebsd-64": {
      "version": "0.14.54",
      "resolved": "http://registry.npm.souche-inc.com/esbuild-freebsd-64/download/esbuild-freebsd-64-0.14.54.tgz",
      "integrity": "sha1-CSUPmXpW7UZQ8+GXnJBf/EC76U0=",
      "cpu": [
        "x64"
      ],
      "dev": true,
      "license": "MIT",
      "optional": true,
      "os": [
        "freebsd"
      ],
      "engines": {
        "node": ">=12"
      }
    },
    "node_modules/esbuild-freebsd-arm64": {
      "version": "0.14.54",
      "resolved": "http://registry.npm.souche-inc.com/esbuild-freebsd-arm64/download/esbuild-freebsd-arm64-0.14.54.tgz",
      "integrity": "sha1-uvtG7QT8X5fL2wFthpR6eVefjkg=",
      "cpu": [
        "arm64"
      ],
      "dev": true,
      "license": "MIT",
      "optional": true,
      "os": [
        "freebsd"
      ],
      "engines": {
        "node": ">=12"
      }
    },
    "node_modules/esbuild-linux-32": {
      "version": "0.14.54",
      "resolved": "http://registry.npm.souche-inc.com/esbuild-linux-32/download/esbuild-linux-32-0.14.54.tgz",
      "integrity": "sha1-4qjEqO/cNVQFMlAz/OvrlB94H+U=",
      "cpu": [
        "ia32"
      ],
      "dev": true,
      "license": "MIT",
      "optional": true,
      "os": [
        "linux"
      ],
      "engines": {
        "node": ">=12"
      }
    },
    "node_modules/esbuild-linux-64": {
      "version": "0.14.54",
      "resolved": "http://registry.npm.souche-inc.com/esbuild-linux-64/download/esbuild-linux-64-0.14.54.tgz",
      "integrity": "sha1-3l/boclWZs9yNp9StAsDvnEiZlI=",
      "cpu": [
        "x64"
      ],
      "dev": true,
      "license": "MIT",
      "optional": true,
      "os": [
        "linux"
      ],
      "engines": {
        "node": ">=12"
      }
    },
    "node_modules/esbuild-linux-arm": {
      "version": "0.14.54",
      "resolved": "http://registry.npm.souche-inc.com/esbuild-linux-arm/download/esbuild-linux-arm-0.14.54.tgz",
      "integrity": "sha1-osHf9tDyHb6PxpmKEiZ1Uz3fzVk=",
      "cpu": [
        "arm"
      ],
      "dev": true,
      "license": "MIT",
      "optional": true,
      "os": [
        "linux"
      ],
      "engines": {
        "node": ">=12"
      }
    },
    "node_modules/esbuild-linux-arm64": {
      "version": "0.14.54",
      "resolved": "http://registry.npm.souche-inc.com/esbuild-linux-arm64/download/esbuild-linux-arm64-0.14.54.tgz",
      "integrity": "sha1-2uTNQq6Xh0aLalwVjaTIToOwzos=",
      "cpu": [
        "arm64"
      ],
      "dev": true,
      "license": "MIT",
      "optional": true,
      "os": [
        "linux"
      ],
      "engines": {
        "node": ">=12"
      }
    },
    "node_modules/esbuild-linux-mips64le": {
      "version": "0.14.54",
      "resolved": "http://registry.npm.souche-inc.com/esbuild-linux-mips64le/download/esbuild-linux-mips64le-0.14.54.tgz",
      "integrity": "sha1-2ZGOnky5cvjW2ujoZVv57hMe2jQ=",
      "cpu": [
        "mips64el"
      ],
      "dev": true,
      "license": "MIT",
      "optional": true,
      "os": [
        "linux"
      ],
      "engines": {
        "node": ">=12"
      }
    },
    "node_modules/esbuild-linux-ppc64le": {
      "version": "0.14.54",
      "resolved": "http://registry.npm.souche-inc.com/esbuild-linux-ppc64le/download/esbuild-linux-ppc64le-0.14.54.tgz",
      "integrity": "sha1-P5oPbUEHP7GmQGgIRcfeUplfE34=",
      "cpu": [
        "ppc64"
      ],
      "dev": true,
      "license": "MIT",
      "optional": true,
      "os": [
        "linux"
      ],
      "engines": {
        "node": ">=12"
      }
    },
    "node_modules/esbuild-linux-riscv64": {
      "version": "0.14.54",
      "resolved": "http://registry.npm.souche-inc.com/esbuild-linux-riscv64/download/esbuild-linux-riscv64-0.14.54.tgz",
      "integrity": "sha1-YYhTwCgXimGDe8eZ0gE9RpXkUcg=",
      "cpu": [
        "riscv64"
      ],
      "dev": true,
      "license": "MIT",
      "optional": true,
      "os": [
        "linux"
      ],
      "engines": {
        "node": ">=12"
      }
    },
    "node_modules/esbuild-linux-s390x": {
      "version": "0.14.54",
      "resolved": "http://registry.npm.souche-inc.com/esbuild-linux-s390x/download/esbuild-linux-s390x-0.14.54.tgz",
      "integrity": "sha1-0YhcTFp2u7Wg/hguLIxg654p8qY=",
      "cpu": [
        "s390x"
      ],
      "dev": true,
      "license": "MIT",
      "optional": true,
      "os": [
        "linux"
      ],
      "engines": {
        "node": ">=12"
      }
    },
    "node_modules/esbuild-netbsd-64": {
      "version": "0.14.54",
      "resolved": "http://registry.npm.souche-inc.com/esbuild-netbsd-64/download/esbuild-netbsd-64-0.14.54.tgz",
      "integrity": "sha1-aa6Rei/yQbffHb8iuvBL0zA0noE=",
      "cpu": [
        "x64"
      ],
      "dev": true,
      "license": "MIT",
      "optional": true,
      "os": [
        "netbsd"
      ],
      "engines": {
        "node": ">=12"
      }
    },
    "node_modules/esbuild-openbsd-64": {
      "version": "0.14.54",
      "resolved": "http://registry.npm.souche-inc.com/esbuild-openbsd-64/download/esbuild-openbsd-64-0.14.54.tgz",
      "integrity": "sha1-20yElSh6NQpnkN4i7eokelfF1Hs=",
      "cpu": [
        "x64"
      ],
      "dev": true,
      "license": "MIT",
      "optional": true,
      "os": [
        "openbsd"
      ],
      "engines": {
        "node": ">=12"
      }
    },
    "node_modules/esbuild-sunos-64": {
      "version": "0.14.54",
      "resolved": "http://registry.npm.souche-inc.com/esbuild-sunos-64/download/esbuild-sunos-64-0.14.54.tgz",
      "integrity": "sha1-VCh+49pz04RLchwhvIDB3H4b99o=",
      "cpu": [
        "x64"
      ],
      "dev": true,
      "license": "MIT",
      "optional": true,
      "os": [
        "sunos"
      ],
      "engines": {
        "node": ">=12"
      }
    },
    "node_modules/esbuild-windows-32": {
      "version": "0.14.54",
      "resolved": "http://registry.npm.souche-inc.com/esbuild-windows-32/download/esbuild-windows-32-0.14.54.tgz",
      "integrity": "sha1-+Kr5pWZ2MLQPD7OqN78Bu9NAzjE=",
      "cpu": [
        "ia32"
      ],
      "dev": true,
      "license": "MIT",
      "optional": true,
      "os": [
        "win32"
      ],
      "engines": {
        "node": ">=12"
      }
    },
    "node_modules/esbuild-windows-64": {
      "version": "0.14.54",
      "resolved": "http://registry.npm.souche-inc.com/esbuild-windows-64/download/esbuild-windows-64-0.14.54.tgz",
      "integrity": "sha1-v1S1G9PpsPGIb/2yJKQXYDHqCvQ=",
      "cpu": [
        "x64"
      ],
      "dev": true,
      "license": "MIT",
      "optional": true,
      "os": [
        "win32"
      ],
      "engines": {
        "node": ">=12"
      }
    },
    "node_modules/esbuild-windows-arm64": {
      "version": "0.14.54",
      "resolved": "http://registry.npm.souche-inc.com/esbuild-windows-arm64/download/esbuild-windows-arm64-0.14.54.tgz",
      "integrity": "sha1-k30VZ1oV5LDk+v26o6Aad2or6YI=",
      "cpu": [
        "arm64"
      ],
      "dev": true,
      "license": "MIT",
      "optional": true,
      "os": [
        "win32"
      ],
      "engines": {
        "node": ">=12"
      }
    },
    "node_modules/escalade": {
      "version": "3.2.0",
      "resolved": "http://registry.npm.souche-inc.com/escalade/download/escalade-3.2.0.tgz",
      "integrity": "sha1-ARo/aYVroYnf+n3I/M6Z0qh5A+U=",
      "dev": true,
      "license": "MIT",
      "engines": {
        "node": ">=6"
      }
    },
    "node_modules/estree-walker": {
      "version": "2.0.2",
      "resolved": "http://registry.npm.souche-inc.com/estree-walker/download/estree-walker-2.0.2.tgz",
      "integrity": "sha1-UvAQF4wqTBF6d1fP6UKtt9LaTKw=",
      "dev": true,
      "license": "MIT"
    },
    "node_modules/fsevents": {
      "version": "2.3.3",
      "resolved": "http://registry.npm.souche-inc.com/fsevents/download/fsevents-2.3.3.tgz",
      "integrity": "sha1-ysZAd4XQNnWipeGlMFxpezR9kNY=",
      "dev": true,
      "hasInstallScript": true,
      "license": "MIT",
      "optional": true,
      "os": [
        "darwin"
      ],
      "engines": {
        "node": "^8.16.0 || ^10.6.0 || >=11.0.0"
      }
    },
    "node_modules/function-bind": {
      "version": "1.1.2",
      "resolved": "http://registry.npm.souche-inc.com/function-bind/download/function-bind-1.1.2.tgz",
      "integrity": "sha1-LALYZNl/PqbIgwxGTL0Rq26rehw=",
      "dev": true,
      "license": "MIT",
      "funding": {
        "url": "https://github.com/sponsors/ljharb"
      }
    },
    "node_modules/gensync": {
      "version": "1.0.0-beta.2",
      "resolved": "http://registry.npm.souche-inc.com/gensync/download/gensync-1.0.0-beta.2.tgz",
      "integrity": "sha1-MqbudsPX9S1GsrGuXZP+qFgKJeA=",
      "dev": true,
      "license": "MIT",
      "engines": {
        "node": ">=6.9.0"
      }
    },
    "node_modules/hasown": {
      "version": "2.0.2",
      "resolved": "http://registry.npm.souche-inc.com/hasown/download/hasown-2.0.2.tgz",
      "integrity": "sha1-AD6vkb563DcuhOxZ3DclLO24AAM=",
      "dev": true,
      "license": "MIT",
      "dependencies": {
        "function-bind": "^1.1.2"
      },
      "engines": {
        "node": ">= 0.4"
      }
    },
    "node_modules/history": {
      "version": "4.10.1",
      "resolved": "http://registry.npm.souche-inc.com/history/download/history-4.10.1.tgz",
      "integrity": "sha1-MzcaZeOoOyZ0NOKz87G0xYqtTPM=",
      "license": "MIT",
      "dependencies": {
        "@babel/runtime": "^7.1.2",
        "loose-envify": "^1.2.0",
        "resolve-pathname": "^3.0.0",
        "tiny-invariant": "^1.0.2",
        "tiny-warning": "^1.0.0",
        "value-equal": "^1.0.1"
      }
    },
    "node_modules/hoist-non-react-statics": {
      "version": "3.3.2",
      "resolved": "http://registry.npm.souche-inc.com/hoist-non-react-statics/download/hoist-non-react-statics-3.3.2.tgz",
      "integrity": "sha1-7OCsr3HWLClpwuxZ/v9CpLGoW0U=",
      "license": "BSD-3-Clause",
      "dependencies": {
        "react-is": "^16.7.0"
      }
    },
    "node_modules/is-core-module": {
      "version": "2.16.1",
      "resolved": "http://registry.npm.souche-inc.com/is-core-module/download/is-core-module-2.16.1.tgz",
      "integrity": "sha1-KpiAGoSfQ+Kt1kT7trxiKbGaTvQ=",
      "dev": true,
      "license": "MIT",
      "dependencies": {
        "hasown": "^2.0.2"
      },
      "engines": {
        "node": ">= 0.4"
      },
      "funding": {
        "url": "https://github.com/sponsors/ljharb"
      }
    },
    "node_modules/isarray": {
      "version": "0.0.1",
      "resolved": "http://registry.npm.souche-inc.com/isarray/download/isarray-0.0.1.tgz",
      "integrity": "sha1-ihis/Kmo9Bd+Cav8YDiTmwXR7t8=",
      "license": "MIT"
    },
    "node_modules/js-tokens": {
      "version": "4.0.0",
      "resolved": "http://registry.npm.souche-inc.com/js-tokens/download/js-tokens-4.0.0.tgz",
      "integrity": "sha1-GSA/tZmR35jjoocFDUZHzerzJJk=",
      "license": "MIT"
    },
    "node_modules/jsesc": {
      "version": "3.1.0",
      "resolved": "http://registry.npm.souche-inc.com/jsesc/download/jsesc-3.1.0.tgz",
      "integrity": "sha1-dNM1ojT2ftGZB/2t+sfM+dQJgl0=",
      "dev": true,
      "license": "MIT",
      "bin": {
        "jsesc": "bin/jsesc"
      },
      "engines": {
        "node": ">=6"
      }
    },
    "node_modules/json5": {
      "version": "2.2.3",
      "resolved": "http://registry.npm.souche-inc.com/json5/download/json5-2.2.3.tgz",
      "integrity": "sha1-eM1vGhm9wStz21rQxh79ZsHikoM=",
      "dev": true,
      "license": "MIT",
      "bin": {
        "json5": "lib/cli.js"
      },
      "engines": {
        "node": ">=6"
      }
    },
    "node_modules/loose-envify": {
      "version": "1.4.0",
      "resolved": "http://registry.npm.souche-inc.com/loose-envify/download/loose-envify-1.4.0.tgz",
      "integrity": "sha1-ce5R+nvkyuwaY4OffmgtgTLTDK8=",
      "license": "MIT",
      "dependencies": {
        "js-tokens": "^3.0.0 || ^4.0.0"
      },
      "bin": {
        "loose-envify": "cli.js"
      }
    },
    "node_modules/lru-cache": {
      "version": "5.1.1",
      "resolved": "http://registry.npm.souche-inc.com/lru-cache/download/lru-cache-5.1.1.tgz",
      "integrity": "sha1-HaJ+ZxAnGUdpXa9oSOhH8B2EuSA=",
      "dev": true,
      "license": "ISC",
      "dependencies": {
        "yallist": "^3.0.2"
      }
    },
    "node_modules/mini-create-react-context": {
      "version": "0.4.1",
      "resolved": "http://registry.npm.souche-inc.com/mini-create-react-context/download/mini-create-react-context-0.4.1.tgz",
      "integrity": "sha1-ByFxVhv9ySLaCKYMIZekl8wtHV4=",
      "deprecated": "Package no longer supported. Contact Support at https://www.npmjs.com/support for more info.",
      "license": "MIT",
      "dependencies": {
        "@babel/runtime": "^7.12.1",
        "tiny-warning": "^1.0.3"
      },
      "peerDependencies": {
        "prop-types": "^15.0.0",
        "react": "^0.14.0 || ^15.0.0 || ^16.0.0 || ^17.0.0"
      }
    },
    "node_modules/ms": {
      "version": "2.1.3",
      "resolved": "http://registry.npm.souche-inc.com/ms/download/ms-2.1.3.tgz",
      "integrity": "sha1-V0yBOM4dK1hh8LRFedut1gxmFbI=",
      "dev": true,
      "license": "MIT"
    },
    "node_modules/nanoid": {
      "version": "3.3.11",
      "resolved": "http://registry.npm.souche-inc.com/nanoid/download/nanoid-3.3.11.tgz",
      "integrity": "sha1-T08RLO++MDIC8hmYOBKJNiZtGFs=",
      "dev": true,
      "funding": [
        {
          "type": "github",
          "url": "https://github.com/sponsors/ai"
        }
      ],
      "license": "MIT",
      "bin": {
        "nanoid": "bin/nanoid.cjs"
      },
      "engines": {
        "node": "^10 || ^12 || ^13.7 || ^14 || >=15.0.1"
      }
    },
    "node_modules/node-releases": {
      "version": "2.0.27",
      "resolved": "http://registry.npm.souche-inc.com/node-releases/download/node-releases-2.0.27.tgz",
      "integrity": "sha1-7tylGSBc8g9lD2HVawcNsREjHk4=",
      "dev": true,
      "license": "MIT"
    },
    "node_modules/object-assign": {
      "version": "4.1.1",
      "resolved": "http://registry.npm.souche-inc.com/object-assign/download/object-assign-4.1.1.tgz",
      "integrity": "sha1-IQmtx5ZYh8/AXLvUQsrIv7s2CGM=",
      "license": "MIT",
      "engines": {
        "node": ">=0.10.0"
      }
    },
    "node_modules/path-parse": {
      "version": "1.0.7",
      "resolved": "http://registry.npm.souche-inc.com/path-parse/download/path-parse-1.0.7.tgz",
      "integrity": "sha1-+8EUtgykKzDZ2vWFjkvWi77bZzU=",
      "dev": true,
      "license": "MIT"
    },
    "node_modules/path-to-regexp": {
      "version": "1.9.0",
      "resolved": "http://registry.npm.souche-inc.com/path-to-regexp/download/path-to-regexp-1.9.0.tgz",
      "integrity": "sha1-XcB1Osv4Uhyi4PE3tFeLkXsQzyQ=",
      "license": "MIT",
      "dependencies": {
        "isarray": "0.0.1"
      }
    },
    "node_modules/picocolors": {
      "version": "1.1.1",
      "resolved": "http://registry.npm.souche-inc.com/picocolors/download/picocolors-1.1.1.tgz",
      "integrity": "sha1-PTIa8+q5ObCDyPkpodEs2oHCa2s=",
      "dev": true,
      "license": "ISC"
    },
    "node_modules/picomatch": {
      "version": "2.3.1",
      "resolved": "http://registry.npm.souche-inc.com/picomatch/download/picomatch-2.3.1.tgz",
      "integrity": "sha1-O6ODNzNkbZ0+SZWUbBNlpn+wekI=",
      "dev": true,
      "license": "MIT",
      "engines": {
        "node": ">=8.6"
      },
      "funding": {
        "url": "https://github.com/sponsors/jonschlinkert"
      }
    },
    "node_modules/postcss": {
      "version": "8.5.6",
      "resolved": "http://registry.npm.souche-inc.com/postcss/download/postcss-8.5.6.tgz",
      "integrity": "sha1-KCUAZhWmGbT2Kp50JswSCzSajzw=",
      "dev": true,
      "funding": [
        {
          "type": "opencollective",
          "url": "https://opencollective.com/postcss/"
        },
        {
          "type": "tidelift",
          "url": "https://tidelift.com/funding/github/npm/postcss"
        },
        {
          "type": "github",
          "url": "https://github.com/sponsors/ai"
        }
      ],
      "license": "MIT",
      "dependencies": {
        "nanoid": "^3.3.11",
        "picocolors": "^1.1.1",
        "source-map-js": "^1.2.1"
      },
      "engines": {
        "node": "^10 || ^12 || >=14"
      }
    },
    "node_modules/prop-types": {
      "version": "15.8.1",
      "resolved": "http://registry.npm.souche-inc.com/prop-types/download/prop-types-15.8.1.tgz",
      "integrity": "sha1-Z9h78aaU9IQ1zzMsJK8QIUoxQLU=",
      "license": "MIT",
      "dependencies": {
        "loose-envify": "^1.4.0",
        "object-assign": "^4.1.1",
        "react-is": "^16.13.1"
      }
    },
    "node_modules/react": {
      "version": "17.0.2",
      "resolved": "http://registry.npm.souche-inc.com/react/download/react-17.0.2.tgz",
      "integrity": "sha1-0LXMUW0p6z7uOD91tihkz7aAADc=",
      "license": "MIT",
      "dependencies": {
        "loose-envify": "^1.1.0",
        "object-assign": "^4.1.1"
      },
      "engines": {
        "node": ">=0.10.0"
      }
    },
    "node_modules/react-dom": {
      "version": "17.0.2",
      "resolved": "http://registry.npm.souche-inc.com/react-dom/download/react-dom-17.0.2.tgz",
      "integrity": "sha1-7P+2hF462Nv83EmPDQqTlzZQLCM=",
      "license": "MIT",
      "dependencies": {
        "loose-envify": "^1.1.0",
        "object-assign": "^4.1.1",
        "scheduler": "^0.20.2"
      },
      "peerDependencies": {
        "react": "17.0.2"
      }
    },
    "node_modules/react-is": {
      "version": "16.13.1",
      "resolved": "http://registry.npm.souche-inc.com/react-is/download/react-is-16.13.1.tgz",
      "integrity": "sha1-eJcppNw23imZ3BVt1sHZwYzqVqQ=",
      "license": "MIT"
    },
    "node_modules/react-refresh": {
      "version": "0.13.0",
      "resolved": "http://registry.npm.souche-inc.com/react-refresh/download/react-refresh-0.13.0.tgz",
      "integrity": "sha1-y9AaRIKhd6XajUTJdV67HybVocE=",
      "dev": true,
      "license": "MIT",
      "engines": {
        "node": ">=0.10.0"
      }
    },
    "node_modules/react-router": {
      "version": "5.2.1",
      "resolved": "http://registry.npm.souche-inc.com/react-router/download/react-router-5.2.1.tgz",
      "integrity": "sha1-TS5OnVrpQlCRhFuNvG2dJ2I5d00=",
      "license": "MIT",
      "dependencies": {
        "@babel/runtime": "^7.12.13",
        "history": "^4.9.0",
        "hoist-non-react-statics": "^3.1.0",
        "loose-envify": "^1.3.1",
        "mini-create-react-context": "^0.4.0",
        "path-to-regexp": "^1.7.0",
        "prop-types": "^15.6.2",
        "react-is": "^16.6.0",
        "tiny-invariant": "^1.0.2",
        "tiny-warning": "^1.0.0"
      },
      "peerDependencies": {
        "react": ">=15"
      }
    },
    "node_modules/react-router-dom": {
      "version": "5.3.0",
      "resolved": "http://registry.npm.souche-inc.com/react-router-dom/download/react-router-dom-5.3.0.tgz",
      "integrity": "sha1-2hv7U1oOiacSqTuX3Xb0etHzI2M=",
      "license": "MIT",
      "dependencies": {
        "@babel/runtime": "^7.12.13",
        "history": "^4.9.0",
        "loose-envify": "^1.3.1",
        "prop-types": "^15.6.2",
        "react-router": "5.2.1",
        "tiny-invariant": "^1.0.2",
        "tiny-warning": "^1.0.0"
      },
      "peerDependencies": {
        "react": ">=15"
      }
    },
    "node_modules/resolve": {
      "version": "1.22.11",
      "resolved": "http://registry.npm.souche-inc.com/resolve/download/resolve-1.22.11.tgz",
      "integrity": "sha1-qthXzh/7i/qbCxrCnxFWOD9owmI=",
      "dev": true,
      "license": "MIT",
      "dependencies": {
        "is-core-module": "^2.16.1",
        "path-parse": "^1.0.7",
        "supports-preserve-symlinks-flag": "^1.0.0"
      },
      "bin": {
        "resolve": "bin/resolve"
      },
      "engines": {
        "node": ">= 0.4"
      },
      "funding": {
        "url": "https://github.com/sponsors/ljharb"
      }
    },
    "node_modules/resolve-pathname": {
      "version": "3.0.0",
      "resolved": "http://registry.npm.souche-inc.com/resolve-pathname/download/resolve-pathname-3.0.0.tgz",
      "integrity": "sha1-mdAiJNPPJjaJvsuzk7xWAxMCXc0=",
      "license": "MIT"
    },
    "node_modules/rollup": {
      "version": "2.77.3",
      "resolved": "http://registry.npm.souche-inc.com/rollup/download/rollup-2.77.3.tgz",
      "integrity": "sha1-jwBBjTonQANuFd62U77RqQ7gzBI=",
      "dev": true,
      "license": "MIT",
      "bin": {
        "rollup": "dist/bin/rollup"
      },
      "engines": {
        "node": ">=10.0.0"
      },
      "optionalDependencies": {
        "fsevents": "~2.3.2"
      }
    },
    "node_modules/scheduler": {
      "version": "0.20.2",
      "resolved": "http://registry.npm.souche-inc.com/scheduler/download/scheduler-0.20.2.tgz",
      "integrity": "sha1-S67jlDbjSqk7SHS93L8P6Li1DpE=",
      "license": "MIT",
      "dependencies": {
        "loose-envify": "^1.1.0",
        "object-assign": "^4.1.1"
      }
    },
    "node_modules/semver": {
      "version": "6.3.1",
      "resolved": "http://registry.npm.souche-inc.com/semver/download/semver-6.3.1.tgz",
      "integrity": "sha1-VW0u+GiRRuRtzqS/3QlfNDTf/LQ=",
      "dev": true,
      "license": "ISC",
      "bin": {
        "semver": "bin/semver.js"
      }
    },
    "node_modules/source-map-js": {
      "version": "1.2.1",
      "resolved": "http://registry.npm.souche-inc.com/source-map-js/download/source-map-js-1.2.1.tgz",
      "integrity": "sha1-HOVlD93YerwJnto33P8CTCZnrkY=",
      "dev": true,
      "license": "BSD-3-Clause",
      "engines": {
        "node": ">=0.10.0"
      }
    },
    "node_modules/supports-preserve-symlinks-flag": {
      "version": "1.0.0",
      "resolved": "http://registry.npm.souche-inc.com/supports-preserve-symlinks-flag/download/supports-preserve-symlinks-flag-1.0.0.tgz",
      "integrity": "sha1-btpL00SjyUrqN21MwxvHcxEDngk=",
      "dev": true,
      "license": "MIT",
      "engines": {
        "node": ">= 0.4"
      },
      "funding": {
        "url": "https://github.com/sponsors/ljharb"
      }
    },
    "node_modules/tiny-invariant": {
      "version": "1.3.3",
      "resolved": "http://registry.npm.souche-inc.com/tiny-invariant/download/tiny-invariant-1.3.3.tgz",
      "integrity": "sha1-RmgLeoc6DV0QAFmV65CnDXTWASc=",
      "license": "MIT"
    },
    "node_modules/tiny-warning": {
      "version": "1.0.3",
      "resolved": "http://registry.npm.souche-inc.com/tiny-warning/download/tiny-warning-1.0.3.tgz",
      "integrity": "sha1-lKMNtFPfTGQ9D9VmBg1gqHXYR1Q=",
      "license": "MIT"
    },
    "node_modules/update-browserslist-db": {
      "version": "1.2.2",
      "resolved": "http://registry.npm.souche-inc.com/update-browserslist-db/download/update-browserslist-db-1.2.2.tgz",
      "integrity": "sha1-z7Q1ivoIs9VzGi7Nle6/Td74Az4=",
      "dev": true,
      "funding": [
        {
          "type": "opencollective",
          "url": "https://opencollective.com/browserslist"
        },
        {
          "type": "tidelift",
          "url": "https://tidelift.com/funding/github/npm/browserslist"
        },
        {
          "type": "github",
          "url": "https://github.com/sponsors/ai"
        }
      ],
      "license": "MIT",
      "dependencies": {
        "escalade": "^3.2.0",
        "picocolors": "^1.1.1"
      },
      "bin": {
        "update-browserslist-db": "cli.js"
      },
      "peerDependencies": {
        "browserslist": ">= 4.21.0"
      }
    },
    "node_modules/value-equal": {
      "version": "1.0.1",
      "resolved": "http://registry.npm.souche-inc.com/value-equal/download/value-equal-1.0.1.tgz",
      "integrity": "sha1-Hgt5THNMXAyt4XnEN9NW2TGjTWw=",
      "license": "MIT"
    },
    "node_modules/vite": {
      "version": "2.9.18",
      "resolved": "http://registry.npm.souche-inc.com/vite/download/vite-2.9.18.tgz",
      "integrity": "sha1-dOKoOynageYC2sTCkzEsxXXwkcc=",
      "dev": true,
      "license": "MIT",
      "dependencies": {
        "esbuild": "^0.14.27",
        "postcss": "^8.4.13",
        "resolve": "^1.22.0",
        "rollup": ">=2.59.0 <2.78.0"
      },
      "bin": {
        "vite": "bin/vite.js"
      },
      "engines": {
        "node": ">=12.2.0"
      },
      "optionalDependencies": {
        "fsevents": "~2.3.2"
      },
      "peerDependencies": {
        "less": "*",
        "sass": "*",
        "stylus": "*"
      },
      "peerDependenciesMeta": {
        "less": {
          "optional": true
        },
        "sass": {
          "optional": true
        },
        "stylus": {
          "optional": true
        }
      }
    },
    "node_modules/yallist": {
      "version": "3.1.1",
      "resolved": "http://registry.npm.souche-inc.com/yallist/download/yallist-3.1.1.tgz",
      "integrity": "sha1-27fa+b/YusmrRev2ArjLrQ1dCP0=",
      "dev": true,
      "license": "ISC"
    }
  }
}
